
Microsoft Visual Studio Solution File, Format Version 12.00
# Visual Studio 15
VisualStudioVersion = 15.0.28307.1022
MinimumVisualStudioVersion = 10.0.40219.1
Project("{FAE04EC0-301F-11D3-BF4B-00C04F79EFBC}") = "149-Projeto_Xadrez", "149-Projeto_Xadrez\149-Projeto_Xadrez.csproj", "{5949115E-7F3D-4567-A54B-BCE255AAE8C5}"
EndProject
Global
	GlobalSection(SolutionConfigurationPlatforms) = preSolution
		Debug|Any CPU = Debug|Any CPU
		Release|Any CPU = Release|Any CPU
	EndGlobalSection
	GlobalSection(ProjectConfigurationPlatforms) = postSolution
		{5949115E-7F3D-4567-A54B-BCE255AAE8C5}.Debug|Any CPU.ActiveCfg = Debug|Any CPU
		{5949115E-7F3D-4567-A54B-BCE255AAE8C5}.Debug|Any CPU.Build.0 = Debug|Any CPU
		{5949115E-7F3D-4567-A54B-BCE255AAE8C5}.Release|Any CPU.ActiveCfg = Release|Any CPU
		{5949115E-7F3D-4567-A54B-BCE255AAE8C5}.Release|Any CPU.Build.0 = Release|Any CPU
	EndGlobalSection
	GlobalSection(SolutionProperties) = preSolution
		HideSolutionNode = FALSE
	EndGlobalSection
	GlobalSection(ExtensibilityGlobals) = postSolution
		SolutionGuid = {DD397AD6-E1A9-4BBF-8FC0-F731753D3479}
	EndGlobalSection
EndGlobal
